
Microsoft Visual Studio Solution File, Format Version 12.00
# Visual Studio Version 17
VisualStudioVersion = 17.5.33530.505
MinimumVisualStudioVersion = 10.0.40219.1
Project("{FAE04EC0-301F-11D3-BF4B-00C04F79EFBC}") = "WinFormsApp2", "WinFormsApp2.csproj", "{ECB660D5-2AE5-4D3D-8B2D-BD091E776609}"
EndProject
Global
	GlobalSection(SolutionConfigurationPlatforms) = preSolution
		Debug|Any CPU = Debug|Any CPU
		Release|Any CPU = Release|Any CPU
	EndGlobalSection
	GlobalSection(ProjectConfigurationPlatforms) = postSolution
		{ECB660D5-2AE5-4D3D-8B2D-BD091E776609}.Debug|Any CPU.ActiveCfg = Debug|Any CPU
		{ECB660D5-2AE5-4D3D-8B2D-BD091E776609}.Debug|Any CPU.Build.0 = Debug|Any CPU
		{ECB660D5-2AE5-4D3D-8B2D-BD091E776609}.Release|Any CPU.ActiveCfg = Release|Any CPU
		{ECB660D5-2AE5-4D3D-8B2D-BD091E776609}.Release|Any CPU.Build.0 = Release|Any CPU
	EndGlobalSection
	GlobalSection(SolutionProperties) = preSolution
		HideSolutionNode = FALSE
	EndGlobalSection
	GlobalSection(ExtensibilityGlobals) = postSolution
		SolutionGuid = {3F652655-2BFD-4B83-854F-B2CF893CFC53}
	EndGlobalSection
EndGlobal
